// !$*UTF8*$!
{
	archiveVersion = 1;
	classes = {
	};
	objectVersion = 77;
	objects = {

/* Begin PBXBuildFile section */
		BBD001942CD2E8B100882D3A /* FirebaseAnalytics in Frameworks */ = {isa = PBXBuildFile; productRef = BBD001932CD2E8B100882D3A /* FirebaseAnalytics */; };
		BBD001962CD2E8B100882D3A /* FirebaseAuth in Frameworks */ = {isa = PBXBuildFile; productRef = BBD001952CD2E8B100882D3A /* FirebaseAuth */; };
		BBD001982CD2E8B100882D3A /* FirebaseFirestore in Frameworks */ = {isa = PBXBuildFile; productRef = BBD001972CD2E8B100882D3A /* FirebaseFirestore */; };
		BBD0019A2CD2E8B100882D3A /* FirebaseMessaging in Frameworks */ = {isa = PBXBuildFile; productRef = BBD001992CD2E8B100882D3A /* FirebaseMessaging */; };
		BBD0019C2CD2E8B100882D3A /* FirebaseStorage in Frameworks */ = {isa = PBXBuildFile; productRef = BBD0019B2CD2E8B100882D3A /* FirebaseStorage */; };
/* End PBXBuildFile section */

/* Begin PBXContainerItemProxy section */
		BB32F1222CCC384E000AA032 /* PBXContainerItemProxy */ = {
			isa = PBXContainerItemProxy;
			containerPortal = BB32F1092CCC384D000AA032 /* Project object */;
			proxyType = 1;
			remoteGlobalIDString = BB32F1102CCC384D000AA032;
			remoteInfo = Luvly;
		};
		BB32F12C2CCC384E000AA032 /* PBXContainerItemProxy */ = {
			isa = PBXContainerItemProxy;
			containerPortal = BB32F1092CCC384D000AA032 /* Project object */;
			proxyType = 1;
			remoteGlobalIDString = BB32F1102CCC384D000AA032;
			remoteInfo = Luvly;
		};
/* End PBXContainerItemProxy section */

/* Begin PBXFileReference section */
		BB32F1112CCC384D000AA032 /* Luvly.app */ = {isa = PBXFileReference; explicitFileType = wrapper.application; includeInIndex = 0; path = Luvly.app; sourceTree = BUILT_PRODUCTS_DIR; };
		BB32F1212CCC384E000AA032 /* LuvlyTests.xctest */ = {isa = PBXFileReference; explicitFileType = wrapper.cfbundle; includeInIndex = 0; path = LuvlyTests.xctest; sourceTree = BUILT_PRODUCTS_DIR; };
		BB32F12B2CCC384E000AA032 /* LuvlyUITests.xctest */ = {isa = PBXFileReference; explicitFileType = wrapper.cfbundle; includeInIndex = 0; path = LuvlyUITests.xctest; sourceTree = BUILT_PRODUCTS_DIR; };
/* End PBXFileReference section */

/* Begin PBXFileSystemSynchronizedBuildFileExceptionSet section */
		BB32F1432CCC38F0000AA032 /* Exceptions for "Luvly" folder in "Luvly" target */ = {
			isa = PBXFileSystemSynchronizedBuildFileExceptionSet;
			membershipExceptions = (
				Info.plist,
			);
			target = BB32F1102CCC384D000AA032 /* Luvly */;
		};
		BBD001902CD2E7B400882D3A /* Exceptions for "Luvly" folder in "LuvlyTests" target */ = {
			isa = PBXFileSystemSynchronizedBuildFileExceptionSet;
			membershipExceptions = (
				"GoogleService-Info.plist",
			);
			target = BB32F1202CCC384E000AA032 /* LuvlyTests */;
		};
		BBD001912CD2E7B400882D3A /* Exceptions for "Luvly" folder in "LuvlyUITests" target */ = {
			isa = PBXFileSystemSynchronizedBuildFileExceptionSet;
			membershipExceptions = (
				"GoogleService-Info.plist",
			);
			target = BB32F12A2CCC384E000AA032 /* LuvlyUITests */;
		};
/* End PBXFileSystemSynchronizedBuildFileExceptionSet section */

/* Begin PBXFileSystemSynchronizedRootGroup section */
		BB32F1132CCC384D000AA032 /* Luvly */ = {
			isa = PBXFileSystemSynchronizedRootGroup;
			exceptions = (
				BB32F1432CCC38F0000AA032 /* Exceptions for "Luvly" folder in "Luvly" target */,
				BBD001902CD2E7B400882D3A /* Exceptions for "Luvly" folder in "LuvlyTests" target */,
				BBD001912CD2E7B400882D3A /* Exceptions for "Luvly" folder in "LuvlyUITests" target */,
			);
			path = Luvly;
			sourceTree = "<group>";
		};
		BB32F1242CCC384E000AA032 /* LuvlyTests */ = {
			isa = PBXFileSystemSynchronizedRootGroup;
			path = LuvlyTests;
			sourceTree = "<group>";
		};
		BB32F12E2CCC384E000AA032 /* LuvlyUITests */ = {
			isa = PBXFileSystemSynchronizedRootGroup;
			path = LuvlyUITests;
			sourceTree = "<group>";
		};
/* End PBXFileSystemSynchronizedRootGroup section */

/* Begin PBXFrameworksBuildPhase section */
		BB32F10E2CCC384D000AA032 /* Frameworks */ = {
			isa = PBXFrameworksBuildPhase;
			buildActionMask = 2147483647;
			files = (
				BBD0019A2CD2E8B100882D3A /* FirebaseMessaging in Frameworks */,
				BBD001942CD2E8B100882D3A /* FirebaseAnalytics in Frameworks */,
				BBD001962CD2E8B100882D3A /* FirebaseAuth in Frameworks */,
				BBD0019C2CD2E8B100882D3A /* FirebaseStorage in Frameworks */,
				BBD001982CD2E8B100882D3A /* FirebaseFirestore in Frameworks */,
			);
			runOnlyForDeploymentPostprocessing = 0;
		};
		BB32F11E2CCC384E000AA032 /* Frameworks */ = {
			isa = PBXFrameworksBuildPhase;
			buildActionMask = 2147483647;
			files = (
			);
			runOnlyForDeploymentPostprocessing = 0;
		};
		BB32F1282CCC384E000AA032 /* Frameworks */ = {
			isa = PBXFrameworksBuildPhase;
			buildActionMask = 2147483647;
			files = (
			);
			runOnlyForDeploymentPostprocessing = 0;
		};
/* End PBXFrameworksBuildPhase section */

/* Begin PBXGroup section */
		BB32F1082CCC384D000AA032 = {
			isa = PBXGroup;
			children = (
				BB32F1132CCC384D000AA032 /* Luvly */,
				BB32F1242CCC384E000AA032 /* LuvlyTests */,
				BB32F12E2CCC384E000AA032 /* LuvlyUITests */,
				BB32F1122CCC384D000AA032 /* Products */,
			);
			sourceTree = "<group>";
		};
		BB32F1122CCC384D000AA032 /* Products */ = {
			isa = PBXGroup;
			children = (
				BB32F1112CCC384D000AA032 /* Luvly.app */,
				BB32F1212CCC384E000AA032 /* LuvlyTests.xctest */,
				BB32F12B2CCC384E000AA032 /* LuvlyUITests.xctest */,
			);
			name = Products;
			sourceTree = "<group>";
		};
/* End PBXGroup section */

/* Begin PBXNativeTarget section */
		BB32F1102CCC384D000AA032 /* Luvly */ = {
			isa = PBXNativeTarget;
			buildConfigurationList = BB32F1352CCC384E000AA032 /* Build configuration list for PBXNativeTarget "Luvly" */;
			buildPhases = (
				BB32F10D2CCC384D000AA032 /* Sources */,
				BB32F10E2CCC384D000AA032 /* Frameworks */,
				BB32F10F2CCC384D000AA032 /* Resources */,
			);
			buildRules = (
			);
			dependencies = (
			);
			fileSystemSynchronizedGroups = (
				BB32F1132CCC384D000AA032 /* Luvly */,
			);
			name = Luvly;
			packageProductDependencies = (
				BBD001932CD2E8B100882D3A /* FirebaseAnalytics */,
				BBD001952CD2E8B100882D3A /* FirebaseAuth */,
				BBD001972CD2E8B100882D3A /* FirebaseFirestore */,
				BBD001992CD2E8B100882D3A /* FirebaseMessaging */,
				BBD0019B2CD2E8B100882D3A /* FirebaseStorage */,
			);
			productName = Luvly;
			productReference = BB32F1112CCC384D000AA032 /* Luvly.app */;
			productType = "com.apple.product-type.application";
		};
		BB32F1202CCC384E000AA032 /* LuvlyTests */ = {
			isa = PBXNativeTarget;
			buildConfigurationList = BB32F1382CCC384E000AA032 /* Build configuration list for PBXNativeTarget "LuvlyTests" */;
			buildPhases = (
				BB32F11D2CCC384E000AA032 /* Sources */,
				BB32F11E2CCC384E000AA032 /* Frameworks */,
				BB32F11F2CCC384E000AA032 /* Resources */,
			);
			buildRules = (
			);
			dependencies = (
				BB32F1232CCC384E000AA032 /* PBXTargetDependency */,
			);
			fileSystemSynchronizedGroups = (
				BB32F1242CCC384E000AA032 /* LuvlyTests */,
			);
			name = LuvlyTests;
			packageProductDependencies = (
			);
			productName = LuvlyTests;
			productReference = BB32F1212CCC384E000AA032 /* LuvlyTests.xctest */;
			productType = "com.apple.product-type.bundle.unit-test";
		};
		BB32F12A2CCC384E000AA032 /* LuvlyUITests */ = {
			isa = PBXNativeTarget;
			buildConfigurationList = BB32F13B2CCC384E000AA032 /* Build configuration list for PBXNativeTarget "LuvlyUITests" */;
			buildPhases = (
				BB32F1272CCC384E000AA032 /* Sources */,
				BB32F1282CCC384E000AA032 /* Frameworks */,
				BB32F1292CCC384E000AA032 /* Resources */,
			);
			buildRules = (
			);
			dependencies = (
				BB32F12D2CCC384E000AA032 /* PBXTargetDependency */,
			);
			fileSystemSynchronizedGroups = (
				BB32F12E2CCC384E000AA032 /* LuvlyUITests */,
			);
			name = LuvlyUITests;
			packageProductDependencies = (
			);
			productName = LuvlyUITests;
			productReference = BB32F12B2CCC384E000AA032 /* LuvlyUITests.xctest */;
			productType = "com.apple.product-type.bundle.ui-testing";
		};
/* End PBXNativeTarget section */

/* Begin PBXProject section */
		BB32F1092CCC384D000AA032 /* Project object */ = {
			isa = PBXProject;
			attributes = {
				BuildIndependentTargetsInParallel = 1;
				LastSwiftUpdateCheck = 1600;
				LastUpgradeCheck = 1600;
				TargetAttributes = {
					BB32F1102CCC384D000AA032 = {
						CreatedOnToolsVersion = 16.0;
					};
					BB32F1202CCC384E000AA032 = {
						CreatedOnToolsVersion = 16.0;
						TestTargetID = BB32F1102CCC384D000AA032;
					};
					BB32F12A2CCC384E000AA032 = {
						CreatedOnToolsVersion = 16.0;
						TestTargetID = BB32F1102CCC384D000AA032;
					};
				};
			};
			buildConfigurationList = BB32F10C2CCC384D000AA032 /* Build configuration list for PBXProject "Luvly" */;
			developmentRegion = en;
			hasScannedForEncodings = 0;
			knownRegions = (
				en,
				Base,
			);
			mainGroup = BB32F1082CCC384D000AA032;
			minimizedProjectReferenceProxies = 1;
			packageReferences = (
				BBD001922CD2E8B100882D3A /* XCRemoteSwiftPackageReference "firebase-ios-sdk" */,
			);
			preferredProjectObjectVersion = 77;
			productRefGroup = BB32F1122CCC384D000AA032 /* Products */;
			projectDirPath = "";
			projectRoot = "";
			targets = (
				BB32F1102CCC384D000AA032 /* Luvly */,
				BB32F1202CCC384E000AA032 /* LuvlyTests */,
				BB32F12A2CCC384E000AA032 /* LuvlyUITests */,
			);
		};
/* End PBXProject section */

/* Begin PBXResourcesBuildPhase section */
		BB32F10F2CCC384D000AA032 /* Resources */ = {
			isa = PBXResourcesBuildPhase;
			buildActionMask = 2147483647;
			files = (
			);
			runOnlyForDeploymentPostprocessing = 0;
		};
		BB32F11F2CCC384E000AA032 /* Resources */ = {
			isa = PBXResourcesBuildPhase;
			buildActionMask = 2147483647;
			files = (
			);
			runOnlyForDeploymentPostprocessing = 0;
		};
		BB32F1292CCC384E000AA032 /* Resources */ = {
			isa = PBXResourcesBuildPhase;
			buildActionMask = 2147483647;
			files = (
			);
			runOnlyForDeploymentPostprocessing = 0;
		};
/* End PBXResourcesBuildPhase section */

/* Begin PBXSourcesBuildPhase section */
		BB32F10D2CCC384D000AA032 /* Sources */ = {
			isa = PBXSourcesBuildPhase;
			buildActionMask = 2147483647;
			files = (
			);
			runOnlyForDeploymentPostprocessing = 0;
		};
		BB32F11D2CCC384E000AA032 /* Sources */ = {
			isa = PBXSourcesBuildPhase;
			buildActionMask = 2147483647;
			files = (
			);
			runOnlyForDeploymentPostprocessing = 0;
		};
		BB32F1272CCC384E000AA032 /* Sources */ = {
			isa = PBXSourcesBuildPhase;
			buildActionMask = 2147483647;
			files = (
			);
			runOnlyForDeploymentPostprocessing = 0;
		};
/* End PBXSourcesBuildPhase section */

/* Begin PBXTargetDependency section */
		BB32F1232CCC384E000AA032 /* PBXTargetDependency */ = {
			isa = PBXTargetDependency;
			target = BB32F1102CCC384D000AA032 /* Luvly */;
			targetProxy = BB32F1222CCC384E000AA032 /* PBXContainerItemProxy */;
		};
		BB32F12D2CCC384E000AA032 /* PBXTargetDependency */ = {
			isa = PBXTargetDependency;
			target = BB32F1102CCC384D000AA032 /* Luvly */;
			targetProxy = BB32F12C2CCC384E000AA032 /* PBXContainerItemProxy */;
		};
/* End PBXTargetDependency section */

/* Begin XCBuildConfiguration section */
		BB32F1332CCC384E000AA032 /* Debug */ = {
			isa = XCBuildConfiguration;
			buildSettings = {
				ALWAYS_SEARCH_USER_PATHS = NO;
				ASSETCATALOG_COMPILER_GENERATE_SWIFT_ASSET_SYMBOL_EXTENSIONS = YES;
				CLANG_ANALYZER_NONNULL = YES;
				CLANG_ANALYZER_NUMBER_OBJECT_CONVERSION = YES_AGGRESSIVE;
				CLANG_CXX_LANGUAGE_STANDARD = "gnu++20";
				CLANG_ENABLE_MODULES = YES;
				CLANG_ENABLE_OBJC_ARC = YES;
				CLANG_ENABLE_OBJC_WEAK = YES;
				CLANG_WARN_BLOCK_CAPTURE_AUTORELEASING = YES;
				CLANG_WARN_BOOL_CONVERSION = YES;
				CLANG_WARN_COMMA = YES;
				CLANG_WARN_CONSTANT_CONVERSION = YES;
				CLANG_WARN_DEPRECATED_OBJC_IMPLEMENTATIONS = YES;
				CLANG_WARN_DIRECT_OBJC_ISA_USAGE = YES_ERROR;
				CLANG_WARN_DOCUMENTATION_COMMENTS = YES;
				CLANG_WARN_EMPTY_BODY = YES;
				CLANG_WARN_ENUM_CONVERSION = YES;
				CLANG_WARN_INFINITE_RECURSION = YES;
				CLANG_WARN_INT_CONVERSION = YES;
				CLANG_WARN_NON_LITERAL_NULL_CONVERSION = YES;
				CLANG_WARN_OBJC_IMPLICIT_RETAIN_SELF = YES;
				CLANG_WARN_OBJC_LITERAL_CONVERSION = YES;
				CLANG_WARN_OBJC_ROOT_CLASS = YES_ERROR;
				CLANG_WARN_QUOTED_INCLUDE_IN_FRAMEWORK_HEADER = YES;
				CLANG_WARN_RANGE_LOOP_ANALYSIS = YES;
				CLANG_WARN_STRICT_PROTOTYPES = YES;
				CLANG_WARN_SUSPICIOUS_MOVE = YES;
				CLANG_WARN_UNGUARDED_AVAILABILITY = YES_AGGRESSIVE;
				CLANG_WARN_UNREACHABLE_CODE = YES;
				CLANG_WARN__DUPLICATE_METHOD_MATCH = YES;
				COPY_PHASE_STRIP = NO;
				DEBUG_INFORMATION_FORMAT = dwarf;
				ENABLE_STRICT_OBJC_MSGSEND = YES;
				ENABLE_TESTABILITY = YES;
				ENABLE_USER_SCRIPT_SANDBOXING = YES;
				GCC_C_LANGUAGE_STANDARD = gnu17;
				GCC_DYNAMIC_NO_PIC = NO;
				GCC_NO_COMMON_BLOCKS = YES;
				GCC_OPTIMIZATION_LEVEL = 0;
				GCC_PREPROCESSOR_DEFINITIONS = (
					"DEBUG=1",
					"$(inherited)",
				);
				GCC_WARN_64_TO_32_BIT_CONVERSION = YES;
				GCC_WARN_ABOUT_RETURN_TYPE = YES_ERROR;
				GCC_WARN_UNDECLARED_SELECTOR = YES;
				GCC_WARN_UNINITIALIZED_AUTOS = YES_AGGRESSIVE;
				GCC_WARN_UNUSED_FUNCTION = YES;
				GCC_WARN_UNUSED_VARIABLE = YES;
				IPHONEOS_DEPLOYMENT_TARGET = 18.0;
				LOCALIZATION_PREFERS_STRING_CATALOGS = YES;
				MTL_ENABLE_DEBUG_INFO = INCLUDE_SOURCE;
				MTL_FAST_MATH = YES;
				ONLY_ACTIVE_ARCH = YES;
				SDKROOT = iphoneos;
				SWIFT_ACTIVE_COMPILATION_CONDITIONS = "DEBUG $(inherited)";
				SWIFT_OPTIMIZATION_LEVEL = "-Onone";
			};
			name = Debug;
		};
		BB32F1342CCC384E000AA032 /* Release */ = {
			isa = XCBuildConfiguration;
			buildSettings = {
				ALWAYS_SEARCH_USER_PATHS = NO;
				ASSETCATALOG_COMPILER_GENERATE_SWIFT_ASSET_SYMBOL_EXTENSIONS = YES;
				CLANG_ANALYZER_NONNULL = YES;
				CLANG_ANALYZER_NUMBER_OBJECT_CONVERSION = YES_AGGRESSIVE;
				CLANG_CXX_LANGUAGE_STANDARD = "gnu++20";
				CLANG_ENABLE_MODULES = YES;
				CLANG_ENABLE_OBJC_ARC = YES;
				CLANG_ENABLE_OBJC_WEAK = YES;
				CLANG_WARN_BLOCK_CAPTURE_AUTORELEASING = YES;
				CLANG_WARN_BOOL_CONVERSION = YES;
				CLANG_WARN_COMMA = YES;
				CLANG_WARN_CONSTANT_CONVERSION = YES;
				CLANG_WARN_DEPRECATED_OBJC_IMPLEMENTATIONS = YES;
				CLANG_WARN_DIRECT_OBJC_ISA_USAGE = YES_ERROR;
				CLANG_WARN_DOCUMENTATION_COMMENTS = YES;
				CLANG_WARN_EMPTY_BODY = YES;
				CLANG_WARN_ENUM_CONVERSION = YES;
				CLANG_WARN_INFINITE_RECURSION = YES;
				CLANG_WARN_INT_CONVERSION = YES;
				CLANG_WARN_NON_LITERAL_NULL_CONVERSION = YES;
				CLANG_WARN_OBJC_IMPLICIT_RETAIN_SELF = YES;
				CLANG_WARN_OBJC_LITERAL_CONVERSION = YES;
				CLANG_WARN_OBJC_ROOT_CLASS = YES_ERROR;
				CLANG_WARN_QUOTED_INCLUDE_IN_FRAMEWORK_HEADER = YES;
				CLANG_WARN_RANGE_LOOP_ANALYSIS = YES;
				CLANG_WARN_STRICT_PROTOTYPES = YES;
				CLANG_WARN_SUSPICIOUS_MOVE = YES;
				CLANG_WARN_UNGUARDED_AVAILABILITY = YES_AGGRESSIVE;
				CLANG_WARN_UNREACHABLE_CODE = YES;
				CLANG_WARN__DUPLICATE_METHOD_MATCH = YES;
				COPY_PHASE_STRIP = NO;
				DEBUG_INFORMATION_FORMAT = "dwarf-with-dsym";
				ENABLE_NS_ASSERTIONS = NO;
				ENABLE_STRICT_OBJC_MSGSEND = YES;
				ENABLE_USER_SCRIPT_SANDBOXING = YES;
				GCC_C_LANGUAGE_STANDARD = gnu17;
				GCC_NO_COMMON_BLOCKS = YES;
				GCC_WARN_64_TO_32_BIT_CONVERSION = YES;
				GCC_WARN_ABOUT_RETURN_TYPE = YES_ERROR;
				GCC_WARN_UNDECLARED_SELECTOR = YES;
				GCC_WARN_UNINITIALIZED_AUTOS = YES_AGGRESSIVE;
				GCC_WARN_UNUSED_FUNCTION = YES;
				GCC_WARN_UNUSED_VARIABLE = YES;
				IPHONEOS_DEPLOYMENT_TARGET = 18.0;
				LOCALIZATION_PREFERS_STRING_CATALOGS = YES;
				MTL_ENABLE_DEBUG_INFO = NO;
				MTL_FAST_MATH = YES;
				SDKROOT = iphoneos;
				SWIFT_COMPILATION_MODE = wholemodule;
				VALIDATE_PRODUCT = YES;
			};
			name = Release;
		};
		BB32F1362CCC384E000AA032 /* Debug */ = {
			isa = XCBuildConfiguration;
			buildSettings = {
				ASSETCATALOG_COMPILER_APPICON_NAME = AppIcon;
				ASSETCATALOG_COMPILER_GLOBAL_ACCENT_COLOR_NAME = AccentColor;
				CODE_SIGN_ENTITLEMENTS = Luvly/Luvly.entitlements;
				CODE_SIGN_STYLE = Automatic;
				CURRENT_PROJECT_VERSION = 1;
				DEVELOPMENT_ASSET_PATHS = "\"Luvly/Preview Content\"";
				DEVELOPMENT_TEAM = MD6V295626;
				ENABLE_PREVIEWS = YES;
				GENERATE_INFOPLIST_FILE = YES;
				INFOPLIST_FILE = Luvly/Info.plist;
				INFOPLIST_KEY_NSLocationAlwaysAndWhenInUseUsageDescription = "Location Permission Always and When In Use";
				INFOPLIST_KEY_NSLocationAlwaysUsageDescription = "Location Permission Always";
				INFOPLIST_KEY_NSLocationWhenInUseUsageDescription = "Location Permission When In Use";
				INFOPLIST_KEY_UIApplicationSceneManifest_Generation = YES;
				INFOPLIST_KEY_UIApplicationSupportsIndirectInputEvents = YES;
				INFOPLIST_KEY_UILaunchScreen_Generation = YES;
				INFOPLIST_KEY_UISupportedInterfaceOrientations_iPad = "UIInterfaceOrientationPortrait UIInterfaceOrientationPortraitUpsideDown UIInterfaceOrientationLandscapeLeft UIInterfaceOrientationLandscapeRight";
				INFOPLIST_KEY_UISupportedInterfaceOrientations_iPhone = "UIInterfaceOrientationPortrait UIInterfaceOrientationLandscapeLeft UIInterfaceOrientationLandscapeRight";
				IPHONEOS_DEPLOYMENT_TARGET = 16.1;
				LD_RUNPATH_SEARCH_PATHS = (
					"$(inherited)",
					"@executable_path/Frameworks",
				);
				MARKETING_VERSION = 1.0;
				PRODUCT_BUNDLE_IDENTIFIER = com.hyungjaekim.Luvly;
				PRODUCT_NAME = "$(TARGET_NAME)";
				SWIFT_EMIT_LOC_STRINGS = YES;
				SWIFT_VERSION = 5.0;
				TARGETED_DEVICE_FAMILY = "1,2";
			};
			name = Debug;
		};
		BB32F1372CCC384E000AA032 /* Release */ = {
			isa = XCBuildConfiguration;
			buildSettings = {
				ASSETCATALOG_COMPILER_APPICON_NAME = AppIcon;
				ASSETCATALOG_COMPILER_GLOBAL_ACCENT_COLOR_NAME = AccentColor;
				CODE_SIGN_ENTITLEMENTS = Luvly/Luvly.entitlements;
				CODE_SIGN_STYLE = Automatic;
				CURRENT_PROJECT_VERSION = 1;
				DEVELOPMENT_ASSET_PATHS = "\"Luvly/Preview Content\"";
				DEVELOPMENT_TEAM = MD6V295626;
				ENABLE_PREVIEWS = YES;
				GENERATE_INFOPLIST_FILE = YES;
				INFOPLIST_FILE = Luvly/Info.plist;
				INFOPLIST_KEY_NSLocationAlwaysAndWhenInUseUsageDescription = "Location Permission Always and When In Use";
				INFOPLIST_KEY_NSLocationAlwaysUsageDescription = "Location Permission Always";
				INFOPLIST_KEY_NSLocationWhenInUseUsageDescription = "Location Permission When In Use";
				INFOPLIST_KEY_UIApplicationSceneManifest_Generation = YES;
				INFOPLIST_KEY_UIApplicationSupportsIndirectInputEvents = YES;
				INFOPLIST_KEY_UILaunchScreen_Generation = YES;
				INFOPLIST_KEY_UISupportedInterfaceOrientations_iPad = "UIInterfaceOrientationPortrait UIInterfaceOrientationPortraitUpsideDown UIInterfaceOrientationLandscapeLeft UIInterfaceOrientationLandscapeRight";
				INFOPLIST_KEY_UISupportedInterfaceOrientations_iPhone = "UIInterfaceOrientationPortrait UIInterfaceOrientationLandscapeLeft UIInterfaceOrientationLandscapeRight";
				IPHONEOS_DEPLOYMENT_TARGET = 16.1;
				LD_RUNPATH_SEARCH_PATHS = (
					"$(inherited)",
					"@executable_path/Frameworks",
				);
				MARKETING_VERSION = 1.0;
				PRODUCT_BUNDLE_IDENTIFIER = com.hyungjaekim.Luvly;
				PRODUCT_NAME = "$(TARGET_NAME)";
				SWIFT_EMIT_LOC_STRINGS = YES;
				SWIFT_VERSION = 5.0;
				TARGETED_DEVICE_FAMILY = "1,2";
			};
			name = Release;
		};
		BB32F1392CCC384E000AA032 /* Debug */ = {
			isa = XCBuildConfiguration;
			buildSettings = {
				BUNDLE_LOADER = "$(TEST_HOST)";
				CODE_SIGN_STYLE = Automatic;
				CURRENT_PROJECT_VERSION = 1;
				GENERATE_INFOPLIST_FILE = YES;
				IPHONEOS_DEPLOYMENT_TARGET = 18.0;
				MARKETING_VERSION = 1.0;
				PRODUCT_BUNDLE_IDENTIFIER = com.hyungjaekim.LuvlyTests;
				PRODUCT_NAME = "$(TARGET_NAME)";
				SWIFT_EMIT_LOC_STRINGS = NO;
				SWIFT_VERSION = 5.0;
				TARGETED_DEVICE_FAMILY = "1,2";
				TEST_HOST = "$(BUILT_PRODUCTS_DIR)/Luvly.app/$(BUNDLE_EXECUTABLE_FOLDER_PATH)/Luvly";
			};
			name = Debug;
		};
		BB32F13A2CCC384E000AA032 /* Release */ = {
			isa = XCBuildConfiguration;
			buildSettings = {
				BUNDLE_LOADER = "$(TEST_HOST)";
				CODE_SIGN_STYLE = Automatic;
				CURRENT_PROJECT_VERSION = 1;
				GENERATE_INFOPLIST_FILE = YES;
				IPHONEOS_DEPLOYMENT_TARGET = 18.0;
				MARKETING_VERSION = 1.0;
				PRODUCT_BUNDLE_IDENTIFIER = com.hyungjaekim.LuvlyTests;
				PRODUCT_NAME = "$(TARGET_NAME)";
				SWIFT_EMIT_LOC_STRINGS = NO;
				SWIFT_VERSION = 5.0;
				TARGETED_DEVICE_FAMILY = "1,2";
				TEST_HOST = "$(BUILT_PRODUCTS_DIR)/Luvly.app/$(BUNDLE_EXECUTABLE_FOLDER_PATH)/Luvly";
			};
			name = Release;
		};
		BB32F13C2CCC384E000AA032 /* Debug */ = {
			isa = XCBuildConfiguration;
			buildSettings = {
				CODE_SIGN_STYLE = Automatic;
				CURRENT_PROJECT_VERSION = 1;
				GENERATE_INFOPLIST_FILE = YES;
				MARKETING_VERSION = 1.0;
				PRODUCT_BUNDLE_IDENTIFIER = com.hyungjaekim.LuvlyUITests;
				PRODUCT_NAME = "$(TARGET_NAME)";
				SWIFT_EMIT_LOC_STRINGS = NO;
				SWIFT_VERSION = 5.0;
				TARGETED_DEVICE_FAMILY = "1,2";
				TEST_TARGET_NAME = Luvly;
			};
			name = Debug;
		};
		BB32F13D2CCC384E000AA032 /* Release */ = {
			isa = XCBuildConfiguration;
			buildSettings = {
				CODE_SIGN_STYLE = Automatic;
				CURRENT_PROJECT_VERSION = 1;
				GENERATE_INFOPLIST_FILE = YES;
				MARKETING_VERSION = 1.0;
				PRODUCT_BUNDLE_IDENTIFIER = com.hyungjaekim.LuvlyUITests;
				PRODUCT_NAME = "$(TARGET_NAME)";
				SWIFT_EMIT_LOC_STRINGS = NO;
				SWIFT_VERSION = 5.0;
				TARGETED_DEVICE_FAMILY = "1,2";
				TEST_TARGET_NAME = Luvly;
			};
			name = Release;
		};
/* End XCBuildConfiguration section */

/* Begin XCConfigurationList section */
		BB32F10C2CCC384D000AA032 /* Build configuration list for PBXProject "Luvly" */ = {
			isa = XCConfigurationList;
			buildConfigurations = (
				BB32F1332CCC384E000AA032 /* Debug */,
				BB32F1342CCC384E000AA032 /* Release */,
			);
			defaultConfigurationIsVisible = 0;
			defaultConfigurationName = Release;
		};
		BB32F1352CCC384E000AA032 /* Build configuration list for PBXNativeTarget "Luvly" */ = {
			isa = XCConfigurationList;
			buildConfigurations = (
				BB32F1362CCC384E000AA032 /* Debug */,
				BB32F1372CCC384E000AA032 /* Release */,
			);
			defaultConfigurationIsVisible = 0;
			defaultConfigurationName = Release;
		};
		BB32F1382CCC384E000AA032 /* Build configuration list for PBXNativeTarget "LuvlyTests" */ = {
			isa = XCConfigurationList;
			buildConfigurations = (
				BB32F1392CCC384E000AA032 /* Debug */,
				BB32F13A2CCC384E000AA032 /* Release */,
			);
			defaultConfigurationIsVisible = 0;
			defaultConfigurationName = Release;
		};
		BB32F13B2CCC384E000AA032 /* Build configuration list for PBXNativeTarget "LuvlyUITests" */ = {
			isa = XCConfigurationList;
			buildConfigurations = (
				BB32F13C2CCC384E000AA032 /* Debug */,
				BB32F13D2CCC384E000AA032 /* Release */,
			);
			defaultConfigurationIsVisible = 0;
			defaultConfigurationName = Release;
		};
/* End XCConfigurationList section */

/* Begin XCRemoteSwiftPackageReference section */
		BBD001922CD2E8B100882D3A /* XCRemoteSwiftPackageReference "firebase-ios-sdk" */ = {
			isa = XCRemoteSwiftPackageReference;
			repositoryURL = "https://github.com/firebase/firebase-ios-sdk";
			requirement = {
				kind = upToNextMajorVersion;
				minimumVersion = 11.4.0;
			};
		};
/* End XCRemoteSwiftPackageReference section */

/* Begin XCSwiftPackageProductDependency section */
		BBD001932CD2E8B100882D3A /* FirebaseAnalytics */ = {
			isa = XCSwiftPackageProductDependency;
			package = BBD001922CD2E8B100882D3A /* XCRemoteSwiftPackageReference "firebase-ios-sdk" */;
			productName = FirebaseAnalytics;
		};
		BBD001952CD2E8B100882D3A /* FirebaseAuth */ = {
			isa = XCSwiftPackageProductDependency;
			package = BBD001922CD2E8B100882D3A /* XCRemoteSwiftPackageReference "firebase-ios-sdk" */;
			productName = FirebaseAuth;
		};
		BBD001972CD2E8B100882D3A /* FirebaseFirestore */ = {
			isa = XCSwiftPackageProductDependency;
			package = BBD001922CD2E8B100882D3A /* XCRemoteSwiftPackageReference "firebase-ios-sdk" */;
			productName = FirebaseFirestore;
		};
		BBD001992CD2E8B100882D3A /* FirebaseMessaging */ = {
			isa = XCSwiftPackageProductDependency;
			package = BBD001922CD2E8B100882D3A /* XCRemoteSwiftPackageReference "firebase-ios-sdk" */;
			productName = FirebaseMessaging;
		};
		BBD0019B2CD2E8B100882D3A /* FirebaseStorage */ = {
			isa = XCSwiftPackageProductDependency;
			package = BBD001922CD2E8B100882D3A /* XCRemoteSwiftPackageReference "firebase-ios-sdk" */;
			productName = FirebaseStorage;
		};
/* End XCSwiftPackageProductDependency section */
	};
	rootObject = BB32F1092CCC384D000AA032 /* Project object */;
}
